{
  "name": "colabor",
  "lockfileVersion": 3,
  "requires": true,
  "packages": {
    "": {
      "dependencies": {
        "pixelarticons": "^1.8.0"
      }
    },
    "node_modules/pixelarticons": {
      "version": "1.8.0",
      "resolved": "https://registry.npmjs.org/pixelarticons/-/pixelarticons-1.8.0.tgz",
      "integrity": "sha512-BJ/F5JQROW3t2ktTeBvaGndKhlRCaMpDauT26AzHsY6HX1FOs09aY4LMUH7f61lSI+1+QfNf98IvC4aeiCYfvA=="
    }
  }
}
